
Microsoft Visual Studio Solution File, Format Version 12.00
# Visual Studio Version 17
VisualStudioVersion = 17.3.32811.315
MinimumVisualStudioVersion = 10.0.40219.1
Project("{FAE04EC0-301F-11D3-BF4B-00C04F79EFBC}") = "23DH114365_MyStore", "23DH114365_MyStore.csproj", "{18BF0C52-C1EE-494F-BEFC-230A018D2C4A}"
EndProject
Global
	GlobalSection(SolutionConfigurationPlatforms) = preSolution
		Debug|Any CPU = Debug|Any CPU
		Release|Any CPU = Release|Any CPU
	EndGlobalSection
	GlobalSection(ProjectConfigurationPlatforms) = postSolution
		{18BF0C52-C1EE-494F-BEFC-230A018D2C4A}.Debug|Any CPU.ActiveCfg = Debug|Any CPU
		{18BF0C52-C1EE-494F-BEFC-230A018D2C4A}.Debug|Any CPU.Build.0 = Debug|Any CPU
		{18BF0C52-C1EE-494F-BEFC-230A018D2C4A}.Release|Any CPU.ActiveCfg = Release|Any CPU
		{18BF0C52-C1EE-494F-BEFC-230A018D2C4A}.Release|Any CPU.Build.0 = Release|Any CPU
	EndGlobalSection
	GlobalSection(SolutionProperties) = preSolution
		HideSolutionNode = FALSE
	EndGlobalSection
	GlobalSection(ExtensibilityGlobals) = postSolution
		SolutionGuid = {A56F7D26-D866-4FAD-9DA7-F39334BBD63B}
	EndGlobalSection
EndGlobal
